
Microsoft Visual Studio Solution File, Format Version 12.00
# Visual Studio Version 17
VisualStudioVersion = 17.6.33801.468
MinimumVisualStudioVersion = 10.0.40219.1
Project("{9A19103F-16F7-4668-BE54-9A1E7A4F7556}") = "SqlTestAPI", "SqlTestAPI\SqlTestAPI.csproj", "{A5CA4CB2-C167-4E71-84BF-42B983905D3D}"
EndProject
Project("{FAE04EC0-301F-11D3-BF4B-00C04F79EFBC}") = "WindowsApp", "WindowsApp\WindowsApp.csproj", "{893C0D9D-40BD-4570-A774-3210915DFDD2}"
EndProject
Global
	GlobalSection(SolutionConfigurationPlatforms) = preSolution
		Debug|Any CPU = Debug|Any CPU
		Release|Any CPU = Release|Any CPU
	EndGlobalSection
	GlobalSection(ProjectConfigurationPlatforms) = postSolution
		{A5CA4CB2-C167-4E71-84BF-42B983905D3D}.Debug|Any CPU.ActiveCfg = Debug|Any CPU
		{A5CA4CB2-C167-4E71-84BF-42B983905D3D}.Debug|Any CPU.Build.0 = Debug|Any CPU
		{A5CA4CB2-C167-4E71-84BF-42B983905D3D}.Release|Any CPU.ActiveCfg = Release|Any CPU
		{A5CA4CB2-C167-4E71-84BF-42B983905D3D}.Release|Any CPU.Build.0 = Release|Any CPU
		{893C0D9D-40BD-4570-A774-3210915DFDD2}.Debug|Any CPU.ActiveCfg = Debug|Any CPU
		{893C0D9D-40BD-4570-A774-3210915DFDD2}.Debug|Any CPU.Build.0 = Debug|Any CPU
		{893C0D9D-40BD-4570-A774-3210915DFDD2}.Release|Any CPU.ActiveCfg = Release|Any CPU
		{893C0D9D-40BD-4570-A774-3210915DFDD2}.Release|Any CPU.Build.0 = Release|Any CPU
	EndGlobalSection
	GlobalSection(SolutionProperties) = preSolution
		HideSolutionNode = FALSE
	EndGlobalSection
	GlobalSection(ExtensibilityGlobals) = postSolution
		SolutionGuid = {899A31DD-172F-48C9-8ABB-DAF2E29C44D5}
	EndGlobalSection
EndGlobal
